
Microsoft Visual Studio Solution File, Format Version 12.00
# Visual Studio 15
Project("{FAE04EC0-301F-11D3-BF4B-00C04F79EFBC}") = "Model Groups", "Model Groups.csproj", "{2C1F9171-38EF-62BB-D7EC-9BC045856982}"
EndProject
Project("{FAE04EC0-301F-11D3-BF4B-00C04F79EFBC}") = "Model Groups.Editor", "Model Groups.Editor.csproj", "{401466C8-3CD7-CE3E-A482-E21E211954D6}"
EndProject
Global
	GlobalSection(SolutionConfigurationPlatforms) = preSolution
		Debug|Any CPU = Debug|Any CPU
		Release|Any CPU = Release|Any CPU
	EndGlobalSection
	GlobalSection(ProjectConfigurationPlatforms) = postSolution
		{2C1F9171-38EF-62BB-D7EC-9BC045856982}.Debug|Any CPU.ActiveCfg = Debug|Any CPU
		{2C1F9171-38EF-62BB-D7EC-9BC045856982}.Debug|Any CPU.Build.0 = Debug|Any CPU
		{2C1F9171-38EF-62BB-D7EC-9BC045856982}.Release|Any CPU.ActiveCfg = Release|Any CPU
		{2C1F9171-38EF-62BB-D7EC-9BC045856982}.Release|Any CPU.Build.0 = Release|Any CPU
		{401466C8-3CD7-CE3E-A482-E21E211954D6}.Debug|Any CPU.ActiveCfg = Debug|Any CPU
		{401466C8-3CD7-CE3E-A482-E21E211954D6}.Debug|Any CPU.Build.0 = Debug|Any CPU
		{401466C8-3CD7-CE3E-A482-E21E211954D6}.Release|Any CPU.ActiveCfg = Release|Any CPU
		{401466C8-3CD7-CE3E-A482-E21E211954D6}.Release|Any CPU.Build.0 = Release|Any CPU
	EndGlobalSection
	GlobalSection(SolutionProperties) = preSolution
		HideSolutionNode = FALSE
	EndGlobalSection
EndGlobal
